Microsoft Visual Studio Solution File, Format Version 9.00
# Visual Studio 2005
Project("{FAE04EC0-301F-11D3-BF4B-00C04F79EFBC}") = "WindowsApplication34", "WindowsApplication34\WindowsApplication34.csproj", "{D9EC5A71-A481-4A79-879C-6C5F3975D910}"
	ProjectSection(WebsiteProperties) = preProject
		Debug.AspNetCompiler.Debug = "True"
		Release.AspNetCompiler.Debug = "False"
	EndProjectSection
EndProject
Global
	GlobalSection(SolutionConfigurationPlatforms) = preSolution
		Debug|Any CPU = Debug|Any CPU
		Release|Any CPU = Release|Any CPU
	EndGlobalSection
	GlobalSection(ProjectConfigurationPlatforms) = postSolution
		{D9EC5A71-A481-4A79-879C-6C5F3975D910}.Debug|Any CPU.ActiveCfg = Debug|Any CPU
		{D9EC5A71-A481-4A79-879C-6C5F3975D910}.Debug|Any CPU.Build.0 = Debug|Any CPU
		{D9EC5A71-A481-4A79-879C-6C5F3975D910}.Release|Any CPU.ActiveCfg = Release|Any CPU
		{D9EC5A71-A481-4A79-879C-6C5F3975D910}.Release|Any CPU.Build.0 = Release|Any CPU
	EndGlobalSection
	GlobalSection(SolutionProperties) = preSolution
		HideSolutionNode = FALSE
	EndGlobalSection
EndGlobal
